// !$*UTF8*$!
{
	archiveVersion = 1;
	classes = {
	};
	objectVersion = 56;
	objects = {

/* Begin PBXBuildFile section */
		56288DBE29F0028600D92A29 /* AppDelegate.swift in Sources */ = {isa = PBXBuildFile; fileRef = 56288DBD29F0028600D92A29 /* AppDelegate.swift */; };
		56288DC029F0028600D92A29 /* SceneDelegate.swift in Sources */ = {isa = PBXBuildFile; fileRef = 56288DBF29F0028600D92A29 /* SceneDelegate.swift */; };
		56288DC229F0028600D92A29 /* ViewController.swift in Sources */ = {isa = PBXBuildFile; fileRef = 56288DC129F0028600D92A29 /* ViewController.swift */; };
		56288DC729F0028700D92A29 /* Assets.xcassets in Resources */ = {isa = PBXBuildFile; fileRef = 56288DC629F0028700D92A29 /* Assets.xcassets */; };
		56288DCA29F0028700D92A29 /* LaunchScreen.storyboard in Resources */ = {isa = PBXBuildFile; fileRef = 56288DC829F0028700D92A29 /* LaunchScreen.storyboard */; };
		56288DD329F0032800D92A29 /* SnapKit in Frameworks */ = {isa = PBXBuildFile; productRef = 56288DD229F0032800D92A29 /* SnapKit */; };
		56288DD629F0033600D92A29 /* Alamofire in Frameworks */ = {isa = PBXBuildFile; productRef = 56288DD529F0033600D92A29 /* Alamofire */; };
		56288DD929F0034D00D92A29 /* RxBlocking in Frameworks */ = {isa = PBXBuildFile; productRef = 56288DD829F0034D00D92A29 /* RxBlocking */; };
		56288DDB29F0034D00D92A29 /* RxCocoa in Frameworks */ = {isa = PBXBuildFile; productRef = 56288DDA29F0034D00D92A29 /* RxCocoa */; };
		56288DDD29F0034D00D92A29 /* RxRelay in Frameworks */ = {isa = PBXBuildFile; productRef = 56288DDC29F0034D00D92A29 /* RxRelay */; };
		56288DDF29F0034D00D92A29 /* RxSwift in Frameworks */ = {isa = PBXBuildFile; productRef = 56288DDE29F0034D00D92A29 /* RxSwift */; };
/* End PBXBuildFile section */

/* Begin PBXFileReference section */
		56288DBA29F0028600D92A29 /* HomeCamApp.app */ = {isa = PBXFileReference; explicitFileType = wrapper.application; includeInIndex = 0; path = HomeCamApp.app; sourceTree = BUILT_PRODUCTS_DIR; };
		56288DBD29F0028600D92A29 /* AppDelegate.swift */ = {isa = PBXFileReference; lastKnownFileType = sourcecode.swift; path = AppDelegate.swift; sourceTree = "<group>"; };
		56288DBF29F0028600D92A29 /* SceneDelegate.swift */ = {isa = PBXFileReference; lastKnownFileType = sourcecode.swift; path = SceneDelegate.swift; sourceTree = "<group>"; };
		56288DC129F0028600D92A29 /* ViewController.swift */ = {isa = PBXFileReference; lastKnownFileType = sourcecode.swift; path = ViewController.swift; sourceTree = "<group>"; };
		56288DC629F0028700D92A29 /* Assets.xcassets */ = {isa = PBXFileReference; lastKnownFileType = folder.assetcatalog; path = Assets.xcassets; sourceTree = "<group>"; };
		56288DC929F0028700D92A29 /* Base */ = {isa = PBXFileReference; lastKnownFileType = file.storyboard; name = Base; path = Base.lproj/LaunchScreen.storyboard; sourceTree = "<group>"; };
		56288DCB29F0028700D92A29 /* Info.plist */ = {isa = PBXFileReference; lastKnownFileType = text.plist.xml; path = Info.plist; sourceTree = "<group>"; };
/* End PBXFileReference section */

/* Begin PBXFrameworksBuildPhase section */
		56288DB729F0028600D92A29 /* Frameworks */ = {
			isa = PBXFrameworksBuildPhase;
			buildActionMask = 2147483647;
			files = (
				56288DDF29F0034D00D92A29 /* RxSwift in Frameworks */,
				56288DDD29F0034D00D92A29 /* RxRelay in Frameworks */,
				56288DD329F0032800D92A29 /* SnapKit in Frameworks */,
				56288DD929F0034D00D92A29 /* RxBlocking in Frameworks */,
				56288DDB29F0034D00D92A29 /* RxCocoa in Frameworks */,
				56288DD629F0033600D92A29 /* Alamofire in Frameworks */,
			);
			runOnlyForDeploymentPostprocessing = 0;
		};
/* End PBXFrameworksBuildPhase section */

/* Begin PBXGroup section */
		56288DB129F0028500D92A29 = {
			isa = PBXGroup;
			children = (
				56288DBC29F0028600D92A29 /* HomeCamApp */,
				56288DBB29F0028600D92A29 /* Products */,
			);
			sourceTree = "<group>";
		};
		56288DBB29F0028600D92A29 /* Products */ = {
			isa = PBXGroup;
			children = (
				56288DBA29F0028600D92A29 /* HomeCamApp.app */,
			);
			name = Products;
			sourceTree = "<group>";
		};
		56288DBC29F0028600D92A29 /* HomeCamApp */ = {
			isa = PBXGroup;
			children = (
				56288DBD29F0028600D92A29 /* AppDelegate.swift */,
				56288DBF29F0028600D92A29 /* SceneDelegate.swift */,
				56288DC129F0028600D92A29 /* ViewController.swift */,
				56288DC629F0028700D92A29 /* Assets.xcassets */,
				56288DC829F0028700D92A29 /* LaunchScreen.storyboard */,
				56288DCB29F0028700D92A29 /* Info.plist */,
			);
			path = HomeCamApp;
			sourceTree = "<group>";
		};
/* End PBXGroup section */

/* Begin PBXNativeTarget section */
		56288DB929F0028600D92A29 /* HomeCamApp */ = {
			isa = PBXNativeTarget;
			buildConfigurationList = 56288DCE29F0028700D92A29 /* Build configuration list for PBXNativeTarget "HomeCamApp" */;
			buildPhases = (
				56288DB629F0028600D92A29 /* Sources */,
				56288DB729F0028600D92A29 /* Frameworks */,
				56288DB829F0028600D92A29 /* Resources */,
			);
			buildRules = (
			);
			dependencies = (
			);
			name = HomeCamApp;
			packageProductDependencies = (
				56288DD229F0032800D92A29 /* SnapKit */,
				56288DD529F0033600D92A29 /* Alamofire */,
				56288DD829F0034D00D92A29 /* RxBlocking */,
				56288DDA29F0034D00D92A29 /* RxCocoa */,
				56288DDC29F0034D00D92A29 /* RxRelay */,
				56288DDE29F0034D00D92A29 /* RxSwift */,
			);
			productName = HomeCamApp;
			productReference = 56288DBA29F0028600D92A29 /* HomeCamApp.app */;
			productType = "com.apple.product-type.application";
		};
/* End PBXNativeTarget section */

/* Begin PBXProject section */
		56288DB229F0028500D92A29 /* Project object */ = {
			isa = PBXProject;
			attributes = {
				BuildIndependentTargetsInParallel = 1;
				LastSwiftUpdateCheck = 1420;
				LastUpgradeCheck = 1420;
				TargetAttributes = {
					56288DB929F0028600D92A29 = {
						CreatedOnToolsVersion = 14.2;
					};
				};
			};
			buildConfigurationList = 56288DB529F0028500D92A29 /* Build configuration list for PBXProject "HomeCamApp" */;
			compatibilityVersion = "Xcode 14.0";
			developmentRegion = en;
			hasScannedForEncodings = 0;
			knownRegions = (
				en,
				Base,
			);
			mainGroup = 56288DB129F0028500D92A29;
			packageReferences = (
				56288DD129F0032800D92A29 /* XCRemoteSwiftPackageReference "SnapKit" */,
				56288DD429F0033600D92A29 /* XCRemoteSwiftPackageReference "Alamofire" */,
				56288DD729F0034D00D92A29 /* XCRemoteSwiftPackageReference "RxSwift" */,
			);
			productRefGroup = 56288DBB29F0028600D92A29 /* Products */;
			projectDirPath = "";
			projectRoot = "";
			targets = (
				56288DB929F0028600D92A29 /* HomeCamApp */,
			);
		};
/* End PBXProject section */

/* Begin PBXResourcesBuildPhase section */
		56288DB829F0028600D92A29 /* Resources */ = {
			isa = PBXResourcesBuildPhase;
			buildActionMask = 2147483647;
			files = (
				56288DCA29F0028700D92A29 /* LaunchScreen.storyboard in Resources */,
				56288DC729F0028700D92A29 /* Assets.xcassets in Resources */,
			);
			runOnlyForDeploymentPostprocessing = 0;
		};
/* End PBXResourcesBuildPhase section */

/* Begin PBXSourcesBuildPhase section */
		56288DB629F0028600D92A29 /* Sources */ = {
			isa = PBXSourcesBuildPhase;
			buildActionMask = 2147483647;
			files = (
				56288DC229F0028600D92A29 /* ViewController.swift in Sources */,
				56288DBE29F0028600D92A29 /* AppDelegate.swift in Sources */,
				56288DC029F0028600D92A29 /* SceneDelegate.swift in Sources */,
			);
			runOnlyForDeploymentPostprocessing = 0;
		};
/* End PBXSourcesBuildPhase section */

/* Begin PBXVariantGroup section */
		56288DC829F0028700D92A29 /* LaunchScreen.storyboard */ = {
			isa = PBXVariantGroup;
			children = (
				56288DC929F0028700D92A29 /* Base */,
			);
			name = LaunchScreen.storyboard;
			sourceTree = "<group>";
		};
/* End PBXVariantGroup section */

/* Begin XCBuildConfiguration section */
		56288DCC29F0028700D92A29 /* Debug */ = {
			isa = XCBuildConfiguration;
			buildSettings = {
				ALWAYS_SEARCH_USER_PATHS = NO;
				CLANG_ANALYZER_NONNULL = YES;
				CLANG_ANALYZER_NUMBER_OBJECT_CONVERSION = YES_AGGRESSIVE;
				CLANG_CXX_LANGUAGE_STANDARD = "gnu++20";
				CLANG_ENABLE_MODULES = YES;
				CLANG_ENABLE_OBJC_ARC = YES;
				CLANG_ENABLE_OBJC_WEAK = YES;
				CLANG_WARN_BLOCK_CAPTURE_AUTORELEASING = YES;
				CLANG_WARN_BOOL_CONVERSION = YES;
				CLANG_WARN_COMMA = YES;
				CLANG_WARN_CONSTANT_CONVERSION = YES;
				CLANG_WARN_DEPRECATED_OBJC_IMPLEMENTATIONS = YES;
				CLANG_WARN_DIRECT_OBJC_ISA_USAGE = YES_ERROR;
				CLANG_WARN_DOCUMENTATION_COMMENTS = YES;
				CLANG_WARN_EMPTY_BODY = YES;
				CLANG_WARN_ENUM_CONVERSION = YES;
				CLANG_WARN_INFINITE_RECURSION = YES;
				CLANG_WARN_INT_CONVERSION = YES;
				CLANG_WARN_NON_LITERAL_NULL_CONVERSION = YES;
				CLANG_WARN_OBJC_IMPLICIT_RETAIN_SELF = YES;
				CLANG_WARN_OBJC_LITERAL_CONVERSION = YES;
				CLANG_WARN_OBJC_ROOT_CLASS = YES_ERROR;
				CLANG_WARN_QUOTED_INCLUDE_IN_FRAMEWORK_HEADER = YES;
				CLANG_WARN_RANGE_LOOP_ANALYSIS = YES;
				CLANG_WARN_STRICT_PROTOTYPES = YES;
				CLANG_WARN_SUSPICIOUS_MOVE = YES;
				CLANG_WARN_UNGUARDED_AVAILABILITY = YES_AGGRESSIVE;
				CLANG_WARN_UNREACHABLE_CODE = YES;
				CLANG_WARN__DUPLICATE_METHOD_MATCH = YES;
				COPY_PHASE_STRIP = NO;
				DEBUG_INFORMATION_FORMAT = dwarf;
				ENABLE_STRICT_OBJC_MSGSEND = YES;
				ENABLE_TESTABILITY = YES;
				GCC_C_LANGUAGE_STANDARD = gnu11;
				GCC_DYNAMIC_NO_PIC = NO;
				GCC_NO_COMMON_BLOCKS = YES;
				GCC_OPTIMIZATION_LEVEL = 0;
				GCC_PREPROCESSOR_DEFINITIONS = (
					"DEBUG=1",
					"$(inherited)",
				);
				GCC_WARN_64_TO_32_BIT_CONVERSION = YES;
				GCC_WARN_ABOUT_RETURN_TYPE = YES_ERROR;
				GCC_WARN_UNDECLARED_SELECTOR = YES;
				GCC_WARN_UNINITIALIZED_AUTOS = YES_AGGRESSIVE;
				GCC_WARN_UNUSED_FUNCTION = YES;
				GCC_WARN_UNUSED_VARIABLE = YES;
				IPHONEOS_DEPLOYMENT_TARGET = 16.2;
				MTL_ENABLE_DEBUG_INFO = INCLUDE_SOURCE;
				MTL_FAST_MATH = YES;
				ONLY_ACTIVE_ARCH = YES;
				SDKROOT = iphoneos;
				SWIFT_ACTIVE_COMPILATION_CONDITIONS = DEBUG;
				SWIFT_OPTIMIZATION_LEVEL = "-Onone";
			};
			name = Debug;
		};
		56288DCD29F0028700D92A29 /* Release */ = {
			isa = XCBuildConfiguration;
			buildSettings = {
				ALWAYS_SEARCH_USER_PATHS = NO;
				CLANG_ANALYZER_NONNULL = YES;
				CLANG_ANALYZER_NUMBER_OBJECT_CONVERSION = YES_AGGRESSIVE;
				CLANG_CXX_LANGUAGE_STANDARD = "gnu++20";
				CLANG_ENABLE_MODULES = YES;
				CLANG_ENABLE_OBJC_ARC = YES;
				CLANG_ENABLE_OBJC_WEAK = YES;
				CLANG_WARN_BLOCK_CAPTURE_AUTORELEASING = YES;
				CLANG_WARN_BOOL_CONVERSION = YES;
				CLANG_WARN_COMMA = YES;
				CLANG_WARN_CONSTANT_CONVERSION = YES;
				CLANG_WARN_DEPRECATED_OBJC_IMPLEMENTATIONS = YES;
				CLANG_WARN_DIRECT_OBJC_ISA_USAGE = YES_ERROR;
				CLANG_WARN_DOCUMENTATION_COMMENTS = YES;
				CLANG_WARN_EMPTY_BODY = YES;
				CLANG_WARN_ENUM_CONVERSION = YES;
				CLANG_WARN_INFINITE_RECURSION = YES;
				CLANG_WARN_INT_CONVERSION = YES;
				CLANG_WARN_NON_LITERAL_NULL_CONVERSION = YES;
				CLANG_WARN_OBJC_IMPLICIT_RETAIN_SELF = YES;
				CLANG_WARN_OBJC_LITERAL_CONVERSION = YES;
				CLANG_WARN_OBJC_ROOT_CLASS = YES_ERROR;
				CLANG_WARN_QUOTED_INCLUDE_IN_FRAMEWORK_HEADER = YES;
				CLANG_WARN_RANGE_LOOP_ANALYSIS = YES;
				CLANG_WARN_STRICT_PROTOTYPES = YES;
				CLANG_WARN_SUSPICIOUS_MOVE = YES;
				CLANG_WARN_UNGUARDED_AVAILABILITY = YES_AGGRESSIVE;
				CLANG_WARN_UNREACHABLE_CODE = YES;
				CLANG_WARN__DUPLICATE_METHOD_MATCH = YES;
				COPY_PHASE_STRIP = NO;
				DEBUG_INFORMATION_FORMAT = "dwarf-with-dsym";
				ENABLE_NS_ASSERTIONS = NO;
				ENABLE_STRICT_OBJC_MSGSEND = YES;
				GCC_C_LANGUAGE_STANDARD = gnu11;
				GCC_NO_COMMON_BLOCKS = YES;
				GCC_WARN_64_TO_32_BIT_CONVERSION = YES;
				GCC_WARN_ABOUT_RETURN_TYPE = YES_ERROR;
				GCC_WARN_UNDECLARED_SELECTOR = YES;
				GCC_WARN_UNINITIALIZED_AUTOS = YES_AGGRESSIVE;
				GCC_WARN_UNUSED_FUNCTION = YES;
				GCC_WARN_UNUSED_VARIABLE = YES;
				IPHONEOS_DEPLOYMENT_TARGET = 16.2;
				MTL_ENABLE_DEBUG_INFO = NO;
				MTL_FAST_MATH = YES;
				SDKROOT = iphoneos;
				SWIFT_COMPILATION_MODE = wholemodule;
				SWIFT_OPTIMIZATION_LEVEL = "-O";
				VALIDATE_PRODUCT = YES;
			};
			name = Release;
		};
		56288DCF29F0028700D92A29 /* Debug */ = {
			isa = XCBuildConfiguration;
			buildSettings = {
				ASSETCATALOG_COMPILER_APPICON_NAME = AppIcon;
				ASSETCATALOG_COMPILER_GLOBAL_ACCENT_COLOR_NAME = AccentColor;
				CODE_SIGN_STYLE = Automatic;
				CURRENT_PROJECT_VERSION = 1;
				DEVELOPMENT_TEAM = K6S94WMQ9X;
				GENERATE_INFOPLIST_FILE = YES;
				INFOPLIST_FILE = HomeCamApp/Info.plist;
				INFOPLIST_KEY_UIApplicationSupportsIndirectInputEvents = YES;
				INFOPLIST_KEY_UILaunchStoryboardName = LaunchScreen;
				INFOPLIST_KEY_UISupportedInterfaceOrientations_iPad = "UIInterfaceOrientationPortrait UIInterfaceOrientationPortraitUpsideDown UIInterfaceOrientationLandscapeLeft UIInterfaceOrientationLandscapeRight";
				INFOPLIST_KEY_UISupportedInterfaceOrientations_iPhone = "UIInterfaceOrientationPortrait UIInterfaceOrientationLandscapeLeft UIInterfaceOrientationLandscapeRight";
				LD_RUNPATH_SEARCH_PATHS = (
					"$(inherited)",
					"@executable_path/Frameworks",
				);
				MARKETING_VERSION = 1.0;
				PRODUCT_BUNDLE_IDENTIFIER = net.park.HomeCamApp;
				PRODUCT_NAME = "$(TARGET_NAME)";
				SWIFT_EMIT_LOC_STRINGS = YES;
				SWIFT_VERSION = 5.0;
				TARGETED_DEVICE_FAMILY = "1,2";
			};
			name = Debug;
		};
		56288DD029F0028700D92A29 /* Release */ = {
			isa = XCBuildConfiguration;
			buildSettings = {
				ASSETCATALOG_COMPILER_APPICON_NAME = AppIcon;
				ASSETCATALOG_COMPILER_GLOBAL_ACCENT_COLOR_NAME = AccentColor;
				CODE_SIGN_STYLE = Automatic;
				CURRENT_PROJECT_VERSION = 1;
				DEVELOPMENT_TEAM = K6S94WMQ9X;
				GENERATE_INFOPLIST_FILE = YES;
				INFOPLIST_FILE = HomeCamApp/Info.plist;
				INFOPLIST_KEY_UIApplicationSupportsIndirectInputEvents = YES;
				INFOPLIST_KEY_UILaunchStoryboardName = LaunchScreen;
				INFOPLIST_KEY_UISupportedInterfaceOrientations_iPad = "UIInterfaceOrientationPortrait UIInterfaceOrientationPortraitUpsideDown UIInterfaceOrientationLandscapeLeft UIInterfaceOrientationLandscapeRight";
				INFOPLIST_KEY_UISupportedInterfaceOrientations_iPhone = "UIInterfaceOrientationPortrait UIInterfaceOrientationLandscapeLeft UIInterfaceOrientationLandscapeRight";
				LD_RUNPATH_SEARCH_PATHS = (
					"$(inherited)",
					"@executable_path/Frameworks",
				);
				MARKETING_VERSION = 1.0;
				PRODUCT_BUNDLE_IDENTIFIER = net.park.HomeCamApp;
				PRODUCT_NAME = "$(TARGET_NAME)";
				SWIFT_EMIT_LOC_STRINGS = YES;
				SWIFT_VERSION = 5.0;
				TARGETED_DEVICE_FAMILY = "1,2";
			};
			name = Release;
		};
/* End XCBuildConfiguration section */

/* Begin XCConfigurationList section */
		56288DB529F0028500D92A29 /* Build configuration list for PBXProject "HomeCamApp" */ = {
			isa = XCConfigurationList;
			buildConfigurations = (
				56288DCC29F0028700D92A29 /* Debug */,
				56288DCD29F0028700D92A29 /* Release */,
			);
			defaultConfigurationIsVisible = 0;
			defaultConfigurationName = Release;
		};
		56288DCE29F0028700D92A29 /* Build configuration list for PBXNativeTarget "HomeCamApp" */ = {
			isa = XCConfigurationList;
			buildConfigurations = (
				56288DCF29F0028700D92A29 /* Debug */,
				56288DD029F0028700D92A29 /* Release */,
			);
			defaultConfigurationIsVisible = 0;
			defaultConfigurationName = Release;
		};
/* End XCConfigurationList section */

/* Begin XCRemoteSwiftPackageReference section */
		56288DD129F0032800D92A29 /* XCRemoteSwiftPackageReference "SnapKit" */ = {
			isa = XCRemoteSwiftPackageReference;
			repositoryURL = "https://github.com/SnapKit/SnapKit";
			requirement = {
				kind = upToNextMajorVersion;
				minimumVersion = 5.0.0;
			};
		};
		56288DD429F0033600D92A29 /* XCRemoteSwiftPackageReference "Alamofire" */ = {
			isa = XCRemoteSwiftPackageReference;
			repositoryURL = "https://github.com/Alamofire/Alamofire.git";
			requirement = {
				kind = upToNextMajorVersion;
				minimumVersion = 5.0.0;
			};
		};
		56288DD729F0034D00D92A29 /* XCRemoteSwiftPackageReference "RxSwift" */ = {
			isa = XCRemoteSwiftPackageReference;
			repositoryURL = "https://github.com/ReactiveX/RxSwift.git";
			requirement = {
				kind = upToNextMajorVersion;
				minimumVersion = 6.0.0;
			};
		};
/* End XCRemoteSwiftPackageReference section */

/* Begin XCSwiftPackageProductDependency section */
		56288DD229F0032800D92A29 /* SnapKit */ = {
			isa = XCSwiftPackageProductDependency;
			package = 56288DD129F0032800D92A29 /* XCRemoteSwiftPackageReference "SnapKit" */;
			productName = SnapKit;
		};
		56288DD529F0033600D92A29 /* Alamofire */ = {
			isa = XCSwiftPackageProductDependency;
			package = 56288DD429F0033600D92A29 /* XCRemoteSwiftPackageReference "Alamofire" */;
			productName = Alamofire;
		};
		56288DD829F0034D00D92A29 /* RxBlocking */ = {
			isa = XCSwiftPackageProductDependency;
			package = 56288DD729F0034D00D92A29 /* XCRemoteSwiftPackageReference "RxSwift" */;
			productName = RxBlocking;
		};
		56288DDA29F0034D00D92A29 /* RxCocoa */ = {
			isa = XCSwiftPackageProductDependency;
			package = 56288DD729F0034D00D92A29 /* XCRemoteSwiftPackageReference "RxSwift" */;
			productName = RxCocoa;
		};
		56288DDC29F0034D00D92A29 /* RxRelay */ = {
			isa = XCSwiftPackageProductDependency;
			package = 56288DD729F0034D00D92A29 /* XCRemoteSwiftPackageReference "RxSwift" */;
			productName = RxRelay;
		};
		56288DDE29F0034D00D92A29 /* RxSwift */ = {
			isa = XCSwiftPackageProductDependency;
			package = 56288DD729F0034D00D92A29 /* XCRemoteSwiftPackageReference "RxSwift" */;
			productName = RxSwift;
		};
/* End XCSwiftPackageProductDependency section */
	};
	rootObject = 56288DB229F0028500D92A29 /* Project object */;
}
